{
  "name": "nodejs-aws",
  "version": "1.0.0",
  "lockfileVersion": 1,
  "requires": true,
  "dependencies": {
    "@types/aws-lambda": {
      "version": "8.10.64",
      "resolved": "https://registry.npmjs.org/@types/aws-lambda/-/aws-lambda-8.10.64.tgz",
      "integrity": "sha512-LRKk2UQCSi7BsO5TlfSI8cTNpOGz+MH6+RXEWtuZmxJficQgxwEYJDiKVirzgyiHce0L0F4CqCVvKTwblAeOUw==",
      "dev": true
    },
    "@types/serverless": {
      "version": "1.78.9",
      "resolved": "https://registry.npmjs.org/@types/serverless/-/serverless-1.78.9.tgz",
      "integrity": "sha512-6GVf/lYyYR0enMvwxSOYRPH3ySIYox1wwBHJTOEcXcw4Jan8JNcScvS68frdu+M8N7LscjRkA+rhucB9Bo5qdA==",
      "dev": true
    }
  }
}
